
Microsoft Visual Studio Solution File, Format Version 12.00
# Visual Studio 15
VisualStudioVersion = 15.0.26430.13
MinimumVisualStudioVersion = 10.0.40219.1
Project("{9A19103F-16F7-4668-BE54-9A1E7A4F7556}") = "DC.Libraries.Extensions.DependencyInjection", "src\DC.Libraries.Extensions.DependencyInjection\DC.Libraries.Extensions.DependencyInjection.csproj", "{DB8A20E0-3480-42B3-B41B-6F5675391E43}"
EndProject
Project("{9A19103F-16F7-4668-BE54-9A1E7A4F7556}") = "DC.Libraries.Extensions.Autofac", "src\DC.Libraries.Extensions.Autofac\DC.Libraries.Extensions.Autofac.csproj", "{4A836388-FC96-4CA1-8FE7-FB0D005C28F2}"
EndProject
Project("{9A19103F-16F7-4668-BE54-9A1E7A4F7556}") = "WebApp", "tests\WebApp\WebApp.csproj", "{D65921D3-FDF4-4D80-B7AD-768C9847366D}"
EndProject
Project("{2150E333-8FDC-42A3-9474-1A3956D46DE8}") = "tests", "tests", "{4329814A-65E1-4169-8547-D1C6185F9B2E}"
EndProject
Project("{2150E333-8FDC-42A3-9474-1A3956D46DE8}") = "src", "src", "{89A9811B-6BE9-44DF-91AC-EA0027CFA126}"
EndProject
Project("{9A19103F-16F7-4668-BE54-9A1E7A4F7556}") = "DC.Test.BLL", "tests\DC.Test.BLL\DC.Test.BLL.csproj", "{C11E3B1E-6079-4B46-9E16-3E8588B9B293}"
EndProject
Project("{FAE04EC0-301F-11D3-BF4B-00C04F79EFBC}") = "DC.Libraries.Extensions.AutoMapper", "src\DC.Libraries.Extensions.AutoMapper\DC.Libraries.Extensions.AutoMapper.csproj", "{C17AD572-BCA7-4046-AA8E-DBEB3784936E}"
EndProject
Global
	GlobalSection(SolutionConfigurationPlatforms) = preSolution
		Debug|Any CPU = Debug|Any CPU
		Release|Any CPU = Release|Any CPU
	EndGlobalSection
	GlobalSection(ProjectConfigurationPlatforms) = postSolution
		{DB8A20E0-3480-42B3-B41B-6F5675391E43}.Debug|Any CPU.ActiveCfg = Debug|Any CPU
		{DB8A20E0-3480-42B3-B41B-6F5675391E43}.Debug|Any CPU.Build.0 = Debug|Any CPU
		{DB8A20E0-3480-42B3-B41B-6F5675391E43}.Release|Any CPU.ActiveCfg = Release|Any CPU
		{DB8A20E0-3480-42B3-B41B-6F5675391E43}.Release|Any CPU.Build.0 = Release|Any CPU
		{4A836388-FC96-4CA1-8FE7-FB0D005C28F2}.Debug|Any CPU.ActiveCfg = Debug|Any CPU
		{4A836388-FC96-4CA1-8FE7-FB0D005C28F2}.Debug|Any CPU.Build.0 = Debug|Any CPU
		{4A836388-FC96-4CA1-8FE7-FB0D005C28F2}.Release|Any CPU.ActiveCfg = Release|Any CPU
		{4A836388-FC96-4CA1-8FE7-FB0D005C28F2}.Release|Any CPU.Build.0 = Release|Any CPU
		{D65921D3-FDF4-4D80-B7AD-768C9847366D}.Debug|Any CPU.ActiveCfg = Debug|Any CPU
		{D65921D3-FDF4-4D80-B7AD-768C9847366D}.Debug|Any CPU.Build.0 = Debug|Any CPU
		{D65921D3-FDF4-4D80-B7AD-768C9847366D}.Release|Any CPU.ActiveCfg = Release|Any CPU
		{D65921D3-FDF4-4D80-B7AD-768C9847366D}.Release|Any CPU.Build.0 = Release|Any CPU
		{C11E3B1E-6079-4B46-9E16-3E8588B9B293}.Debug|Any CPU.ActiveCfg = Debug|Any CPU
		{C11E3B1E-6079-4B46-9E16-3E8588B9B293}.Debug|Any CPU.Build.0 = Debug|Any CPU
		{C11E3B1E-6079-4B46-9E16-3E8588B9B293}.Release|Any CPU.ActiveCfg = Release|Any CPU
		{C11E3B1E-6079-4B46-9E16-3E8588B9B293}.Release|Any CPU.Build.0 = Release|Any CPU
		{C17AD572-BCA7-4046-AA8E-DBEB3784936E}.Debug|Any CPU.ActiveCfg = Debug|Any CPU
		{C17AD572-BCA7-4046-AA8E-DBEB3784936E}.Debug|Any CPU.Build.0 = Debug|Any CPU
		{C17AD572-BCA7-4046-AA8E-DBEB3784936E}.Release|Any CPU.ActiveCfg = Release|Any CPU
		{C17AD572-BCA7-4046-AA8E-DBEB3784936E}.Release|Any CPU.Build.0 = Release|Any CPU
	EndGlobalSection
	GlobalSection(SolutionProperties) = preSolution
		HideSolutionNode = FALSE
	EndGlobalSection
	GlobalSection(NestedProjects) = preSolution
		{DB8A20E0-3480-42B3-B41B-6F5675391E43} = {89A9811B-6BE9-44DF-91AC-EA0027CFA126}
		{4A836388-FC96-4CA1-8FE7-FB0D005C28F2} = {89A9811B-6BE9-44DF-91AC-EA0027CFA126}
		{D65921D3-FDF4-4D80-B7AD-768C9847366D} = {4329814A-65E1-4169-8547-D1C6185F9B2E}
		{C11E3B1E-6079-4B46-9E16-3E8588B9B293} = {4329814A-65E1-4169-8547-D1C6185F9B2E}
		{C17AD572-BCA7-4046-AA8E-DBEB3784936E} = {89A9811B-6BE9-44DF-91AC-EA0027CFA126}
	EndGlobalSection
EndGlobal
